
Microsoft Visual Studio Solution File, Format Version 12.00
# Visual Studio Version 16
VisualStudioVersion = 16.0.31605.320
MinimumVisualStudioVersion = 10.0.40219.1
Project("{FAE04EC0-301F-11D3-BF4B-00C04F79EFBC}") = "ApiProdutos", "ApiProdutos.csproj", "{EF0F8D14-4476-4EFA-ADB2-1CC80629FB27}"
EndProject
Global
	GlobalSection(SolutionConfigurationPlatforms) = preSolution
		Debug|Any CPU = Debug|Any CPU
		Release|Any CPU = Release|Any CPU
	EndGlobalSection
	GlobalSection(ProjectConfigurationPlatforms) = postSolution
		{EF0F8D14-4476-4EFA-ADB2-1CC80629FB27}.Debug|Any CPU.ActiveCfg = Debug|Any CPU
		{EF0F8D14-4476-4EFA-ADB2-1CC80629FB27}.Debug|Any CPU.Build.0 = Debug|Any CPU
		{EF0F8D14-4476-4EFA-ADB2-1CC80629FB27}.Release|Any CPU.ActiveCfg = Release|Any CPU
		{EF0F8D14-4476-4EFA-ADB2-1CC80629FB27}.Release|Any CPU.Build.0 = Release|Any CPU
	EndGlobalSection
	GlobalSection(SolutionProperties) = preSolution
		HideSolutionNode = FALSE
	EndGlobalSection
	GlobalSection(ExtensibilityGlobals) = postSolution
		SolutionGuid = {0A41F456-4708-46CA-8D5A-6F0B2435DBF5}
	EndGlobalSection
EndGlobal
